
Microsoft Visual Studio Solution File, Format Version 12.00
# Visual Studio Version 17
VisualStudioVersion = 17.2.32602.215
MinimumVisualStudioVersion = 10.0.40219.1
Project("{9A19103F-16F7-4668-BE54-9A1E7A4F7556}") = "Day1", "Day1\Day1.csproj", "{25BBD565-A630-4818-9B4D-4BD8BBE10613}"
EndProject
Project("{9A19103F-16F7-4668-BE54-9A1E7A4F7556}") = "Day2", "Day2\Day2.csproj", "{8A2D7E9A-EF01-4F48-923B-8B340B9BC18B}"
EndProject
Project("{9A19103F-16F7-4668-BE54-9A1E7A4F7556}") = "Day3", "Day3\Day3.csproj", "{D5C1847E-E1DA-4C7A-B49C-CBD513DAD3D1}"
EndProject
Project("{9A19103F-16F7-4668-BE54-9A1E7A4F7556}") = "Day4", "Day4\Day4.csproj", "{51A1AEE5-95D4-4A46-BF1F-7580CFCA7990}"
EndProject
Project("{9A19103F-16F7-4668-BE54-9A1E7A4F7556}") = "Day5", "Day5\Day5.csproj", "{4A2B21C7-3E91-4974-8D86-7E13588DF70A}"
EndProject
Project("{9A19103F-16F7-4668-BE54-9A1E7A4F7556}") = "Day6", "Day6\Day6.csproj", "{CAED5361-9C8C-4D9A-AFAE-2B7A8F7A919D}"
EndProject
Project("{9A19103F-16F7-4668-BE54-9A1E7A4F7556}") = "Day7", "Day7\Day7.csproj", "{74F9C696-1B65-4313-A10C-8D2851D45F7A}"
EndProject
Project("{FAE04EC0-301F-11D3-BF4B-00C04F79EFBC}") = "Day8", "Day8\Day8.csproj", "{3D6CB41A-8312-4653-BAEE-6A8BA8594617}"
EndProject
Global
	GlobalSection(SolutionConfigurationPlatforms) = preSolution
		Debug|Any CPU = Debug|Any CPU
		Release|Any CPU = Release|Any CPU
	EndGlobalSection
	GlobalSection(ProjectConfigurationPlatforms) = postSolution
		{25BBD565-A630-4818-9B4D-4BD8BBE10613}.Debug|Any CPU.ActiveCfg = Debug|Any CPU
		{25BBD565-A630-4818-9B4D-4BD8BBE10613}.Debug|Any CPU.Build.0 = Debug|Any CPU
		{25BBD565-A630-4818-9B4D-4BD8BBE10613}.Release|Any CPU.ActiveCfg = Release|Any CPU
		{25BBD565-A630-4818-9B4D-4BD8BBE10613}.Release|Any CPU.Build.0 = Release|Any CPU
		{8A2D7E9A-EF01-4F48-923B-8B340B9BC18B}.Debug|Any CPU.ActiveCfg = Debug|Any CPU
		{8A2D7E9A-EF01-4F48-923B-8B340B9BC18B}.Debug|Any CPU.Build.0 = Debug|Any CPU
		{8A2D7E9A-EF01-4F48-923B-8B340B9BC18B}.Release|Any CPU.ActiveCfg = Release|Any CPU
		{8A2D7E9A-EF01-4F48-923B-8B340B9BC18B}.Release|Any CPU.Build.0 = Release|Any CPU
		{D5C1847E-E1DA-4C7A-B49C-CBD513DAD3D1}.Debug|Any CPU.ActiveCfg = Debug|Any CPU
		{D5C1847E-E1DA-4C7A-B49C-CBD513DAD3D1}.Debug|Any CPU.Build.0 = Debug|Any CPU
		{D5C1847E-E1DA-4C7A-B49C-CBD513DAD3D1}.Release|Any CPU.ActiveCfg = Release|Any CPU
		{D5C1847E-E1DA-4C7A-B49C-CBD513DAD3D1}.Release|Any CPU.Build.0 = Release|Any CPU
		{51A1AEE5-95D4-4A46-BF1F-7580CFCA7990}.Debug|Any CPU.ActiveCfg = Debug|Any CPU
		{51A1AEE5-95D4-4A46-BF1F-7580CFCA7990}.Debug|Any CPU.Build.0 = Debug|Any CPU
		{51A1AEE5-95D4-4A46-BF1F-7580CFCA7990}.Release|Any CPU.ActiveCfg = Release|Any CPU
		{51A1AEE5-95D4-4A46-BF1F-7580CFCA7990}.Release|Any CPU.Build.0 = Release|Any CPU
		{4A2B21C7-3E91-4974-8D86-7E13588DF70A}.Debug|Any CPU.ActiveCfg = Debug|Any CPU
		{4A2B21C7-3E91-4974-8D86-7E13588DF70A}.Debug|Any CPU.Build.0 = Debug|Any CPU
		{4A2B21C7-3E91-4974-8D86-7E13588DF70A}.Release|Any CPU.ActiveCfg = Release|Any CPU
		{4A2B21C7-3E91-4974-8D86-7E13588DF70A}.Release|Any CPU.Build.0 = Release|Any CPU
		{CAED5361-9C8C-4D9A-AFAE-2B7A8F7A919D}.Debug|Any CPU.ActiveCfg = Debug|Any CPU
		{CAED5361-9C8C-4D9A-AFAE-2B7A8F7A919D}.Debug|Any CPU.Build.0 = Debug|Any CPU
		{CAED5361-9C8C-4D9A-AFAE-2B7A8F7A919D}.Release|Any CPU.ActiveCfg = Release|Any CPU
		{CAED5361-9C8C-4D9A-AFAE-2B7A8F7A919D}.Release|Any CPU.Build.0 = Release|Any CPU
		{74F9C696-1B65-4313-A10C-8D2851D45F7A}.Debug|Any CPU.ActiveCfg = Debug|Any CPU
		{74F9C696-1B65-4313-A10C-8D2851D45F7A}.Debug|Any CPU.Build.0 = Debug|Any CPU
		{74F9C696-1B65-4313-A10C-8D2851D45F7A}.Release|Any CPU.ActiveCfg = Release|Any CPU
		{74F9C696-1B65-4313-A10C-8D2851D45F7A}.Release|Any CPU.Build.0 = Release|Any CPU
		{3D6CB41A-8312-4653-BAEE-6A8BA8594617}.Debug|Any CPU.ActiveCfg = Debug|Any CPU
		{3D6CB41A-8312-4653-BAEE-6A8BA8594617}.Debug|Any CPU.Build.0 = Debug|Any CPU
		{3D6CB41A-8312-4653-BAEE-6A8BA8594617}.Release|Any CPU.ActiveCfg = Release|Any CPU
		{3D6CB41A-8312-4653-BAEE-6A8BA8594617}.Release|Any CPU.Build.0 = Release|Any CPU
	EndGlobalSection
	GlobalSection(SolutionProperties) = preSolution
		HideSolutionNode = FALSE
	EndGlobalSection
	GlobalSection(ExtensibilityGlobals) = postSolution
		SolutionGuid = {BD52FBD7-AC28-450D-90A3-42120857EDBA}
	EndGlobalSection
EndGlobal
